{
  "name": "@maykoncapellari/msgraph-sharepoint",
  "version": "1.0.0",
  "lockfileVersion": 3,
  "requires": true,
  "packages": {
    "": {
      "name": "@maykoncapellari/msgraph-sharepoint",
      "version": "1.0.0",
      "license": "MIT",
      "dependencies": {
        "@maykoncapellari/cli-builder": "^1.0.4"
      }
    },
    "node_modules/@maykoncapellari/cli-builder": {
      "version": "1.0.4",
      "resolved": "https://registry.npmjs.org/@maykoncapellari/cli-builder/-/cli-builder-1.0.4.tgz",
      "integrity": "sha512-bugfAWmeCBDGST9pFzpxLimtp9dwWPujxJYckLfGdcv/50FGCopPPTgNuHR2QXX5EHocDpr+YHGif5ydbgfpoQ=="
    }
  }
}
